{
  "version": 4,
  "terraform_version": "1.2.9",
  "serial": 4,
  "lineage": "6055edd1-7086-492f-bf70-6a795cdaaf27",
  "outputs": {},
  "resources": [
    {
      "mode": "managed",
      "type": "github_branch",
      "name": "develop-sample-1",
      "provider": "provider[\"registry.terraform.io/hashicorp/github\"]",
      "instances": [
        {
          "schema_version": 0,
          "attributes": {
            "branch": "develop-sample-1",
            "etag": "W/\"942553b1326b59a53a465ad504f105abb7c0d0d95bb279656bb076b84e41db01\"",
            "id": "aprendizaje-terraform-code:develop-sample-1",
            "ref": "refs/heads/develop-sample-1",
            "repository": "aprendizaje-terraform-code",
            "sha": "aeec38a1defc9e9f9f114caabbf719f65521c7f4",
            "source_branch": "main",
            "source_sha": "aeec38a1defc9e9f9f114caabbf719f65521c7f4"
          },
          "sensitive_attributes": [],
          "private": "bnVsbA==",
          "dependencies": [
            "github_repository.aprendizaje-terraform-code"
          ]
        }
      ]
    },
    {
      "mode": "managed",
      "type": "github_repository",
      "name": "aprendizaje-terraform-code",
      "provider": "provider[\"registry.terraform.io/hashicorp/github\"]",
      "instances": [
        {
          "schema_version": 0,
          "attributes": {
            "allow_merge_commit": true,
            "allow_rebase_merge": true,
            "allow_squash_merge": true,
            "archive_on_destroy": null,
            "archived": false,
            "auto_init": true,
            "default_branch": "main",
            "delete_branch_on_merge": false,
            "description": "Repositorio creado por codigo en terraform",
            "etag": "W/\"5ba9b8abf4ae19f1ee5b55970d9cdb110a2590716cd5a4add36122fdd7a68460\"",
            "full_name": "ca-milin15/aprendizaje-terraform-code",
            "git_clone_url": "git://github.com/ca-milin15/aprendizaje-terraform-code.git",
            "gitignore_template": null,
            "has_downloads": false,
            "has_issues": false,
            "has_projects": false,
            "has_wiki": false,
            "homepage_url": "",
            "html_url": "https://github.com/ca-milin15/aprendizaje-terraform-code",
            "http_clone_url": "https://github.com/ca-milin15/aprendizaje-terraform-code.git",
            "id": "aprendizaje-terraform-code",
            "is_template": false,
            "license_template": null,
            "name": "aprendizaje-terraform-code",
            "node_id": "R_kgDOH_vnuw",
            "private": false,
            "ssh_clone_url": "git@github.com:ca-milin15/aprendizaje-terraform-code.git",
            "svn_url": "https://github.com/ca-milin15/aprendizaje-terraform-code",
            "template": [],
            "topics": null,
            "visibility": "public",
            "vulnerability_alerts": false
          },
          "sensitive_attributes": [],
          "private": "bnVsbA=="
        }
      ]
    }
  ]
}
